// !$*UTF8*$!
{
	archiveVersion = 1;
	classes = {
	};
	objectVersion = 50;
	objects = {

/* Begin PBXBuildFile section */
		24CF955B01FBFE21462B3645 /* libPods-LYSDatePickerTestTests.a in Frameworks */ = {isa = PBXBuildFile; fileRef = 34856D744970762AD424E96B /* libPods-LYSDatePickerTestTests.a */; };
		3E7C659020F0EE7800BEEA04 /* AppDelegate.m in Sources */ = {isa = PBXBuildFile; fileRef = 3E7C658F20F0EE7800BEEA04 /* AppDelegate.m */; };
		3E7C659320F0EE7800BEEA04 /* ViewController.m in Sources */ = {isa = PBXBuildFile; fileRef = 3E7C659220F0EE7800BEEA04 /* ViewController.m */; };
		3E7C659620F0EE7800BEEA04 /* Main.storyboard in Resources */ = {isa = PBXBuildFile; fileRef = 3E7C659420F0EE7800BEEA04 /* Main.storyboard */; };
		3E7C659820F0EE7A00BEEA04 /* Assets.xcassets in Resources */ = {isa = PBXBuildFile; fileRef = 3E7C659720F0EE7A00BEEA04 /* Assets.xcassets */; };
		3E7C659B20F0EE7A00BEEA04 /* LaunchScreen.storyboard in Resources */ = {isa = PBXBuildFile; fileRef = 3E7C659920F0EE7A00BEEA04 /* LaunchScreen.storyboard */; };
		3E7C659E20F0EE7A00BEEA04 /* main.m in Sources */ = {isa = PBXBuildFile; fileRef = 3E7C659D20F0EE7A00BEEA04 /* main.m */; };
		3E7C65A820F0EE7A00BEEA04 /* LYSDatePickerTestTests.m in Sources */ = {isa = PBXBuildFile; fileRef = 3E7C65A720F0EE7A00BEEA04 /* LYSDatePickerTestTests.m */; };
		3E7C65B320F0EE7A00BEEA04 /* LYSDatePickerTestUITests.m in Sources */ = {isa = PBXBuildFile; fileRef = 3E7C65B220F0EE7A00BEEA04 /* LYSDatePickerTestUITests.m */; };
		47BBA7AF97DA1873AF1EF2E1 /* libPods-LYSDatePickerTestUITests.a in Frameworks */ = {isa = PBXBuildFile; fileRef = 88E79366C1DCC054AC83B9CB /* libPods-LYSDatePickerTestUITests.a */; };
		9366B116B27C36B5FD85E190 /* libPods-LYSDatePickerTest.a in Frameworks */ = {isa = PBXBuildFile; fileRef = 891D9C6574228B5D04A66101 /* libPods-LYSDatePickerTest.a */; };
/* End PBXBuildFile section */

/* Begin PBXContainerItemProxy section */
		3E7C65A420F0EE7A00BEEA04 /* PBXContainerItemProxy */ = {
			isa = PBXContainerItemProxy;
			containerPortal = 3E7C658320F0EE7800BEEA04 /* Project object */;
			proxyType = 1;
			remoteGlobalIDString = 3E7C658A20F0EE7800BEEA04;
			remoteInfo = LYSDatePickerTest;
		};
		3E7C65AF20F0EE7A00BEEA04 /* PBXContainerItemProxy */ = {
			isa = PBXContainerItemProxy;
			containerPortal = 3E7C658320F0EE7800BEEA04 /* Project object */;
			proxyType = 1;
			remoteGlobalIDString = 3E7C658A20F0EE7800BEEA04;
			remoteInfo = LYSDatePickerTest;
		};
/* End PBXContainerItemProxy section */

/* Begin PBXFileReference section */
		08AFE937875DE187DBCE4F00 /* Pods-LYSDatePickerTestTests.release.xcconfig */ = {isa = PBXFileReference; includeInIndex = 1; lastKnownFileType = text.xcconfig; name = "Pods-LYSDatePickerTestTests.release.xcconfig"; path = "Pods/Target Support Files/Pods-LYSDatePickerTestTests/Pods-LYSDatePickerTestTests.release.xcconfig"; sourceTree = "<group>"; };
		245AC7DF840FB2D9C69FB684 /* Pods-LYSDatePickerTest.debug.xcconfig */ = {isa = PBXFileReference; includeInIndex = 1; lastKnownFileType = text.xcconfig; name = "Pods-LYSDatePickerTest.debug.xcconfig"; path = "Pods/Target Support Files/Pods-LYSDatePickerTest/Pods-LYSDatePickerTest.debug.xcconfig"; sourceTree = "<group>"; };
		34856D744970762AD424E96B /* libPods-LYSDatePickerTestTests.a */ = {isa = PBXFileReference; explicitFileType = archive.ar; includeInIndex = 0; path = "libPods-LYSDatePickerTestTests.a"; sourceTree = BUILT_PRODUCTS_DIR; };
		3E7C658B20F0EE7800BEEA04 /* LYSDatePickerTest.app */ = {isa = PBXFileReference; explicitFileType = wrapper.application; includeInIndex = 0; path = LYSDatePickerTest.app; sourceTree = BUILT_PRODUCTS_DIR; };
		3E7C658E20F0EE7800BEEA04 /* AppDelegate.h */ = {isa = PBXFileReference; lastKnownFileType = sourcecode.c.h; path = AppDelegate.h; sourceTree = "<group>"; };
		3E7C658F20F0EE7800BEEA04 /* AppDelegate.m */ = {isa = PBXFileReference; lastKnownFileType = sourcecode.c.objc; path = AppDelegate.m; sourceTree = "<group>"; };
		3E7C659120F0EE7800BEEA04 /* ViewController.h */ = {isa = PBXFileReference; lastKnownFileType = sourcecode.c.h; path = ViewController.h; sourceTree = "<group>"; };
		3E7C659220F0EE7800BEEA04 /* ViewController.m */ = {isa = PBXFileReference; lastKnownFileType = sourcecode.c.objc; path = ViewController.m; sourceTree = "<group>"; };
		3E7C659520F0EE7800BEEA04 /* Base */ = {isa = PBXFileReference; lastKnownFileType = file.storyboard; name = Base; path = Base.lproj/Main.storyboard; sourceTree = "<group>"; };
		3E7C659720F0EE7A00BEEA04 /* Assets.xcassets */ = {isa = PBXFileReference; lastKnownFileType = folder.assetcatalog; path = Assets.xcassets; sourceTree = "<group>"; };
		3E7C659A20F0EE7A00BEEA04 /* Base */ = {isa = PBXFileReference; lastKnownFileType = file.storyboard; name = Base; path = Base.lproj/LaunchScreen.storyboard; sourceTree = "<group>"; };
		3E7C659C20F0EE7A00BEEA04 /* Info.plist */ = {isa = PBXFileReference; lastKnownFileType = text.plist.xml; path = Info.plist; sourceTree = "<group>"; };
		3E7C659D20F0EE7A00BEEA04 /* main.m */ = {isa = PBXFileReference; lastKnownFileType = sourcecode.c.objc; path = main.m; sourceTree = "<group>"; };
		3E7C65A320F0EE7A00BEEA04 /* LYSDatePickerTestTests.xctest */ = {isa = PBXFileReference; explicitFileType = wrapper.cfbundle; includeInIndex = 0; path = LYSDatePickerTestTests.xctest; sourceTree = BUILT_PRODUCTS_DIR; };
		3E7C65A720F0EE7A00BEEA04 /* LYSDatePickerTestTests.m */ = {isa = PBXFileReference; lastKnownFileType = sourcecode.c.objc; path = LYSDatePickerTestTests.m; sourceTree = "<group>"; };
		3E7C65A920F0EE7A00BEEA04 /* Info.plist */ = {isa = PBXFileReference; lastKnownFileType = text.plist.xml; path = Info.plist; sourceTree = "<group>"; };
		3E7C65AE20F0EE7A00BEEA04 /* LYSDatePickerTestUITests.xctest */ = {isa = PBXFileReference; explicitFileType = wrapper.cfbundle; includeInIndex = 0; path = LYSDatePickerTestUITests.xctest; sourceTree = BUILT_PRODUCTS_DIR; };
		3E7C65B220F0EE7A00BEEA04 /* LYSDatePickerTestUITests.m */ = {isa = PBXFileReference; lastKnownFileType = sourcecode.c.objc; path = LYSDatePickerTestUITests.m; sourceTree = "<group>"; };
		3E7C65B420F0EE7A00BEEA04 /* Info.plist */ = {isa = PBXFileReference; lastKnownFileType = text.plist.xml; path = Info.plist; sourceTree = "<group>"; };
		5CE0E80AC8649374A3A0F88E /* Pods-LYSDatePickerTestTests.debug.xcconfig */ = {isa = PBXFileReference; includeInIndex = 1; lastKnownFileType = text.xcconfig; name = "Pods-LYSDatePickerTestTests.debug.xcconfig"; path = "Pods/Target Support Files/Pods-LYSDatePickerTestTests/Pods-LYSDatePickerTestTests.debug.xcconfig"; sourceTree = "<group>"; };
		736A738D72F470C0FBBB7EDA /* Pods-LYSDatePickerTestUITests.debug.xcconfig */ = {isa = PBXFileReference; includeInIndex = 1; lastKnownFileType = text.xcconfig; name = "Pods-LYSDatePickerTestUITests.debug.xcconfig"; path = "Pods/Target Support Files/Pods-LYSDatePickerTestUITests/Pods-LYSDatePickerTestUITests.debug.xcconfig"; sourceTree = "<group>"; };
		88E79366C1DCC054AC83B9CB /* libPods-LYSDatePickerTestUITests.a */ = {isa = PBXFileReference; explicitFileType = archive.ar; includeInIndex = 0; path = "libPods-LYSDatePickerTestUITests.a"; sourceTree = BUILT_PRODUCTS_DIR; };
		891D9C6574228B5D04A66101 /* libPods-LYSDatePickerTest.a */ = {isa = PBXFileReference; explicitFileType = archive.ar; includeInIndex = 0; path = "libPods-LYSDatePickerTest.a"; sourceTree = BUILT_PRODUCTS_DIR; };
		D409694184863BDAA29D0231 /* Pods-LYSDatePickerTest.release.xcconfig */ = {isa = PBXFileReference; includeInIndex = 1; lastKnownFileType = text.xcconfig; name = "Pods-LYSDatePickerTest.release.xcconfig"; path = "Pods/Target Support Files/Pods-LYSDatePickerTest/Pods-LYSDatePickerTest.release.xcconfig"; sourceTree = "<group>"; };
		DDEDF4D4231F2A90E940D795 /* Pods-LYSDatePickerTestUITests.release.xcconfig */ = {isa = PBXFileReference; includeInIndex = 1; lastKnownFileType = text.xcconfig; name = "Pods-LYSDatePickerTestUITests.release.xcconfig"; path = "Pods/Target Support Files/Pods-LYSDatePickerTestUITests/Pods-LYSDatePickerTestUITests.release.xcconfig"; sourceTree = "<group>"; };
/* End PBXFileReference section */

/* Begin PBXFrameworksBuildPhase section */
		3E7C658820F0EE7800BEEA04 /* Frameworks */ = {
			isa = PBXFrameworksBuildPhase;
			buildActionMask = 2147483647;
			files = (
				9366B116B27C36B5FD85E190 /* libPods-LYSDatePickerTest.a in Frameworks */,
			);
			runOnlyForDeploymentPostprocessing = 0;
		};
		3E7C65A020F0EE7A00BEEA04 /* Frameworks */ = {
			isa = PBXFrameworksBuildPhase;
			buildActionMask = 2147483647;
			files = (
				24CF955B01FBFE21462B3645 /* libPods-LYSDatePickerTestTests.a in Frameworks */,
			);
			runOnlyForDeploymentPostprocessing = 0;
		};
		3E7C65AB20F0EE7A00BEEA04 /* Frameworks */ = {
			isa = PBXFrameworksBuildPhase;
			buildActionMask = 2147483647;
			files = (
				47BBA7AF97DA1873AF1EF2E1 /* libPods-LYSDatePickerTestUITests.a in Frameworks */,
			);
			runOnlyForDeploymentPostprocessing = 0;
		};
/* End PBXFrameworksBuildPhase section */

/* Begin PBXGroup section */
		303E497701F3C25155F3DF11 /* Pods */ = {
			isa = PBXGroup;
			children = (
				245AC7DF840FB2D9C69FB684 /* Pods-LYSDatePickerTest.debug.xcconfig */,
				D409694184863BDAA29D0231 /* Pods-LYSDatePickerTest.release.xcconfig */,
				5CE0E80AC8649374A3A0F88E /* Pods-LYSDatePickerTestTests.debug.xcconfig */,
				08AFE937875DE187DBCE4F00 /* Pods-LYSDatePickerTestTests.release.xcconfig */,
				736A738D72F470C0FBBB7EDA /* Pods-LYSDatePickerTestUITests.debug.xcconfig */,
				DDEDF4D4231F2A90E940D795 /* Pods-LYSDatePickerTestUITests.release.xcconfig */,
			);
			name = Pods;
			sourceTree = "<group>";
		};
		3E7C658220F0EE7800BEEA04 = {
			isa = PBXGroup;
			children = (
				3E7C658D20F0EE7800BEEA04 /* LYSDatePickerTest */,
				3E7C65A620F0EE7A00BEEA04 /* LYSDatePickerTestTests */,
				3E7C65B120F0EE7A00BEEA04 /* LYSDatePickerTestUITests */,
				3E7C658C20F0EE7800BEEA04 /* Products */,
				303E497701F3C25155F3DF11 /* Pods */,
				F3618B0D9030B23F575954A5 /* Frameworks */,
			);
			sourceTree = "<group>";
		};
		3E7C658C20F0EE7800BEEA04 /* Products */ = {
			isa = PBXGroup;
			children = (
				3E7C658B20F0EE7800BEEA04 /* LYSDatePickerTest.app */,
				3E7C65A320F0EE7A00BEEA04 /* LYSDatePickerTestTests.xctest */,
				3E7C65AE20F0EE7A00BEEA04 /* LYSDatePickerTestUITests.xctest */,
			);
			name = Products;
			sourceTree = "<group>";
		};
		3E7C658D20F0EE7800BEEA04 /* LYSDatePickerTest */ = {
			isa = PBXGroup;
			children = (
				3E7C658E20F0EE7800BEEA04 /* AppDelegate.h */,
				3E7C658F20F0EE7800BEEA04 /* AppDelegate.m */,
				3E7C659120F0EE7800BEEA04 /* ViewController.h */,
				3E7C659220F0EE7800BEEA04 /* ViewController.m */,
				3E7C659420F0EE7800BEEA04 /* Main.storyboard */,
				3E7C659720F0EE7A00BEEA04 /* Assets.xcassets */,
				3E7C659920F0EE7A00BEEA04 /* LaunchScreen.storyboard */,
				3E7C659C20F0EE7A00BEEA04 /* Info.plist */,
				3E7C659D20F0EE7A00BEEA04 /* main.m */,
			);
			path = LYSDatePickerTest;
			sourceTree = "<group>";
		};
		3E7C65A620F0EE7A00BEEA04 /* LYSDatePickerTestTests */ = {
			isa = PBXGroup;
			children = (
				3E7C65A720F0EE7A00BEEA04 /* LYSDatePickerTestTests.m */,
				3E7C65A920F0EE7A00BEEA04 /* Info.plist */,
			);
			path = LYSDatePickerTestTests;
			sourceTree = "<group>";
		};
		3E7C65B120F0EE7A00BEEA04 /* LYSDatePickerTestUITests */ = {
			isa = PBXGroup;
			children = (
				3E7C65B220F0EE7A00BEEA04 /* LYSDatePickerTestUITests.m */,
				3E7C65B420F0EE7A00BEEA04 /* Info.plist */,
			);
			path = LYSDatePickerTestUITests;
			sourceTree = "<group>";
		};
		F3618B0D9030B23F575954A5 /* Frameworks */ = {
			isa = PBXGroup;
			children = (
				891D9C6574228B5D04A66101 /* libPods-LYSDatePickerTest.a */,
				34856D744970762AD424E96B /* libPods-LYSDatePickerTestTests.a */,
				88E79366C1DCC054AC83B9CB /* libPods-LYSDatePickerTestUITests.a */,
			);
			name = Frameworks;
			sourceTree = "<group>";
		};
/* End PBXGroup section */

/* Begin PBXNativeTarget section */
		3E7C658A20F0EE7800BEEA04 /* LYSDatePickerTest */ = {
			isa = PBXNativeTarget;
			buildConfigurationList = 3E7C65B720F0EE7A00BEEA04 /* Build configuration list for PBXNativeTarget "LYSDatePickerTest" */;
			buildPhases = (
				FBF343D14332F3BB998DC743 /* [CP] Check Pods Manifest.lock */,
				3E7C658720F0EE7800BEEA04 /* Sources */,
				3E7C658820F0EE7800BEEA04 /* Frameworks */,
				3E7C658920F0EE7800BEEA04 /* Resources */,
			);
			buildRules = (
			);
			dependencies = (
			);
			name = LYSDatePickerTest;
			productName = LYSDatePickerTest;
			productReference = 3E7C658B20F0EE7800BEEA04 /* LYSDatePickerTest.app */;
			productType = "com.apple.product-type.application";
		};
		3E7C65A220F0EE7A00BEEA04 /* LYSDatePickerTestTests */ = {
			isa = PBXNativeTarget;
			buildConfigurationList = 3E7C65BA20F0EE7A00BEEA04 /* Build configuration list for PBXNativeTarget "LYSDatePickerTestTests" */;
			buildPhases = (
				F99434A1C49D66672105E94E /* [CP] Check Pods Manifest.lock */,
				3E7C659F20F0EE7A00BEEA04 /* Sources */,
				3E7C65A020F0EE7A00BEEA04 /* Frameworks */,
				3E7C65A120F0EE7A00BEEA04 /* Resources */,
			);
			buildRules = (
			);
			dependencies = (
				3E7C65A520F0EE7A00BEEA04 /* PBXTargetDependency */,
			);
			name = LYSDatePickerTestTests;
			productName = LYSDatePickerTestTests;
			productReference = 3E7C65A320F0EE7A00BEEA04 /* LYSDatePickerTestTests.xctest */;
			productType = "com.apple.product-type.bundle.unit-test";
		};
		3E7C65AD20F0EE7A00BEEA04 /* LYSDatePickerTestUITests */ = {
			isa = PBXNativeTarget;
			buildConfigurationList = 3E7C65BD20F0EE7A00BEEA04 /* Build configuration list for PBXNativeTarget "LYSDatePickerTestUITests" */;
			buildPhases = (
				E1AC4C996172D706A422F810 /* [CP] Check Pods Manifest.lock */,
				3E7C65AA20F0EE7A00BEEA04 /* Sources */,
				3E7C65AB20F0EE7A00BEEA04 /* Frameworks */,
				3E7C65AC20F0EE7A00BEEA04 /* Resources */,
			);
			buildRules = (
			);
			dependencies = (
				3E7C65B020F0EE7A00BEEA04 /* PBXTargetDependency */,
			);
			name = LYSDatePickerTestUITests;
			productName = LYSDatePickerTestUITests;
			productReference = 3E7C65AE20F0EE7A00BEEA04 /* LYSDatePickerTestUITests.xctest */;
			productType = "com.apple.product-type.bundle.ui-testing";
		};
/* End PBXNativeTarget section */

/* Begin PBXProject section */
		3E7C658320F0EE7800BEEA04 /* Project object */ = {
			isa = PBXProject;
			attributes = {
				LastUpgradeCheck = 0940;
				ORGANIZATIONNAME = liyangshuai;
				TargetAttributes = {
					3E7C658A20F0EE7800BEEA04 = {
						CreatedOnToolsVersion = 9.4.1;
					};
					3E7C65A220F0EE7A00BEEA04 = {
						CreatedOnToolsVersion = 9.4.1;
						TestTargetID = 3E7C658A20F0EE7800BEEA04;
					};
					3E7C65AD20F0EE7A00BEEA04 = {
						CreatedOnToolsVersion = 9.4.1;
						TestTargetID = 3E7C658A20F0EE7800BEEA04;
					};
				};
			};
			buildConfigurationList = 3E7C658620F0EE7800BEEA04 /* Build configuration list for PBXProject "LYSDatePickerTest" */;
			compatibilityVersion = "Xcode 9.3";
			developmentRegion = en;
			hasScannedForEncodings = 0;
			knownRegions = (
				en,
				Base,
			);
			mainGroup = 3E7C658220F0EE7800BEEA04;
			productRefGroup = 3E7C658C20F0EE7800BEEA04 /* Products */;
			projectDirPath = "";
			projectRoot = "";
			targets = (
				3E7C658A20F0EE7800BEEA04 /* LYSDatePickerTest */,
				3E7C65A220F0EE7A00BEEA04 /* LYSDatePickerTestTests */,
				3E7C65AD20F0EE7A00BEEA04 /* LYSDatePickerTestUITests */,
			);
		};
/* End PBXProject section */

/* Begin PBXResourcesBuildPhase section */
		3E7C658920F0EE7800BEEA04 /* Resources */ = {
			isa = PBXResourcesBuildPhase;
			buildActionMask = 2147483647;
			files = (
				3E7C659B20F0EE7A00BEEA04 /* LaunchScreen.storyboard in Resources */,
				3E7C659820F0EE7A00BEEA04 /* Assets.xcassets in Resources */,
				3E7C659620F0EE7800BEEA04 /* Main.storyboard in Resources */,
			);
			runOnlyForDeploymentPostprocessing = 0;
		};
		3E7C65A120F0EE7A00BEEA04 /* Resources */ = {
			isa = PBXResourcesBuildPhase;
			buildActionMask = 2147483647;
			files = (
			);
			runOnlyForDeploymentPostprocessing = 0;
		};
		3E7C65AC20F0EE7A00BEEA04 /* Resources */ = {
			isa = PBXResourcesBuildPhase;
			buildActionMask = 2147483647;
			files = (
			);
			runOnlyForDeploymentPostprocessing = 0;
		};
/* End PBXResourcesBuildPhase section */

/* Begin PBXShellScriptBuildPhase section */
		E1AC4C996172D706A422F810 /* [CP] Check Pods Manifest.lock */ = {
			isa = PBXShellScriptBuildPhase;
			buildActionMask = 2147483647;
			files = (
			);
			inputPaths = (
				"${PODS_PODFILE_DIR_PATH}/Podfile.lock",
				"${PODS_ROOT}/Manifest.lock",
			);
			name = "[CP] Check Pods Manifest.lock";
			outputPaths = (
				"$(DERIVED_FILE_DIR)/Pods-LYSDatePickerTestUITests-checkManifestLockResult.txt",
			);
			runOnlyForDeploymentPostprocessing = 0;
			shellPath = /bin/sh;
			shellScript = "diff \"${PODS_PODFILE_DIR_PATH}/Podfile.lock\" \"${PODS_ROOT}/Manifest.lock\" > /dev/null\nif [ $? != 0 ] ; then\n    # print error to STDERR\n    echo \"error: The sandbox is not in sync with the Podfile.lock. Run 'pod install' or update your CocoaPods installation.\" >&2\n    exit 1\nfi\n# This output is used by Xcode 'outputs' to avoid re-running this script phase.\necho \"SUCCESS\" > \"${SCRIPT_OUTPUT_FILE_0}\"\n";
			showEnvVarsInLog = 0;
		};
		F99434A1C49D66672105E94E /* [CP] Check Pods Manifest.lock */ = {
			isa = PBXShellScriptBuildPhase;
			buildActionMask = 2147483647;
			files = (
			);
			inputPaths = (
				"${PODS_PODFILE_DIR_PATH}/Podfile.lock",
				"${PODS_ROOT}/Manifest.lock",
			);
			name = "[CP] Check Pods Manifest.lock";
			outputPaths = (
				"$(DERIVED_FILE_DIR)/Pods-LYSDatePickerTestTests-checkManifestLockResult.txt",
			);
			runOnlyForDeploymentPostprocessing = 0;
			shellPath = /bin/sh;
			shellScript = "diff \"${PODS_PODFILE_DIR_PATH}/Podfile.lock\" \"${PODS_ROOT}/Manifest.lock\" > /dev/null\nif [ $? != 0 ] ; then\n    # print error to STDERR\n    echo \"error: The sandbox is not in sync with the Podfile.lock. Run 'pod install' or update your CocoaPods installation.\" >&2\n    exit 1\nfi\n# This output is used by Xcode 'outputs' to avoid re-running this script phase.\necho \"SUCCESS\" > \"${SCRIPT_OUTPUT_FILE_0}\"\n";
			showEnvVarsInLog = 0;
		};
		FBF343D14332F3BB998DC743 /* [CP] Check Pods Manifest.lock */ = {
			isa = PBXShellScriptBuildPhase;
			buildActionMask = 2147483647;
			files = (
			);
			inputPaths = (
				"${PODS_PODFILE_DIR_PATH}/Podfile.lock",
				"${PODS_ROOT}/Manifest.lock",
			);
			name = "[CP] Check Pods Manifest.lock";
			outputPaths = (
				"$(DERIVED_FILE_DIR)/Pods-LYSDatePickerTest-checkManifestLockResult.txt",
			);
			runOnlyForDeploymentPostprocessing = 0;
			shellPath = /bin/sh;
			shellScript = "diff \"${PODS_PODFILE_DIR_PATH}/Podfile.lock\" \"${PODS_ROOT}/Manifest.lock\" > /dev/null\nif [ $? != 0 ] ; then\n    # print error to STDERR\n    echo \"error: The sandbox is not in sync with the Podfile.lock. Run 'pod install' or update your CocoaPods installation.\" >&2\n    exit 1\nfi\n# This output is used by Xcode 'outputs' to avoid re-running this script phase.\necho \"SUCCESS\" > \"${SCRIPT_OUTPUT_FILE_0}\"\n";
			showEnvVarsInLog = 0;
		};
/* End PBXShellScriptBuildPhase section */

/* Begin PBXSourcesBuildPhase section */
		3E7C658720F0EE7800BEEA04 /* Sources */ = {
			isa = PBXSourcesBuildPhase;
			buildActionMask = 2147483647;
			files = (
				3E7C659320F0EE7800BEEA04 /* ViewController.m in Sources */,
				3E7C659E20F0EE7A00BEEA04 /* main.m in Sources */,
				3E7C659020F0EE7800BEEA04 /* AppDelegate.m in Sources */,
			);
			runOnlyForDeploymentPostprocessing = 0;
		};
		3E7C659F20F0EE7A00BEEA04 /* Sources */ = {
			isa = PBXSourcesBuildPhase;
			buildActionMask = 2147483647;
			files = (
				3E7C65A820F0EE7A00BEEA04 /* LYSDatePickerTestTests.m in Sources */,
			);
			runOnlyForDeploymentPostprocessing = 0;
		};
		3E7C65AA20F0EE7A00BEEA04 /* Sources */ = {
			isa = PBXSourcesBuildPhase;
			buildActionMask = 2147483647;
			files = (
				3E7C65B320F0EE7A00BEEA04 /* LYSDatePickerTestUITests.m in Sources */,
			);
			runOnlyForDeploymentPostprocessing = 0;
		};
/* End PBXSourcesBuildPhase section */

/* Begin PBXTargetDependency section */
		3E7C65A520F0EE7A00BEEA04 /* PBXTargetDependency */ = {
			isa = PBXTargetDependency;
			target = 3E7C658A20F0EE7800BEEA04 /* LYSDatePickerTest */;
			targetProxy = 3E7C65A420F0EE7A00BEEA04 /* PBXContainerItemProxy */;
		};
		3E7C65B020F0EE7A00BEEA04 /* PBXTargetDependency */ = {
			isa = PBXTargetDependency;
			target = 3E7C658A20F0EE7800BEEA04 /* LYSDatePickerTest */;
			targetProxy = 3E7C65AF20F0EE7A00BEEA04 /* PBXContainerItemProxy */;
		};
/* End PBXTargetDependency section */

/* Begin PBXVariantGroup section */
		3E7C659420F0EE7800BEEA04 /* Main.storyboard */ = {
			isa = PBXVariantGroup;
			children = (
				3E7C659520F0EE7800BEEA04 /* Base */,
			);
			name = Main.storyboard;
			sourceTree = "<group>";
		};
		3E7C659920F0EE7A00BEEA04 /* LaunchScreen.storyboard */ = {
			isa = PBXVariantGroup;
			children = (
				3E7C659A20F0EE7A00BEEA04 /* Base */,
			);
			name = LaunchScreen.storyboard;
			sourceTree = "<group>";
		};
/* End PBXVariantGroup section */

/* Begin XCBuildConfiguration section */
		3E7C65B520F0EE7A00BEEA04 /* Debug */ = {
			isa = XCBuildConfiguration;
			buildSettings = {
				ALWAYS_SEARCH_USER_PATHS = NO;
				CLANG_ANALYZER_NONNULL = YES;
				CLANG_ANALYZER_NUMBER_OBJECT_CONVERSION = YES_AGGRESSIVE;
				CLANG_CXX_LANGUAGE_STANDARD = "gnu++14";
				CLANG_CXX_LIBRARY = "libc++";
				CLANG_ENABLE_MODULES = YES;
				CLANG_ENABLE_OBJC_ARC = YES;
				CLANG_ENABLE_OBJC_WEAK = YES;
				CLANG_WARN_BLOCK_CAPTURE_AUTORELEASING = YES;
				CLANG_WARN_BOOL_CONVERSION = YES;
				CLANG_WARN_COMMA = YES;
				CLANG_WARN_CONSTANT_CONVERSION = YES;
				CLANG_WARN_DEPRECATED_OBJC_IMPLEMENTATIONS = YES;
				CLANG_WARN_DIRECT_OBJC_ISA_USAGE = YES_ERROR;
				CLANG_WARN_DOCUMENTATION_COMMENTS = YES;
				CLANG_WARN_EMPTY_BODY = YES;
				CLANG_WARN_ENUM_CONVERSION = YES;
				CLANG_WARN_INFINITE_RECURSION = YES;
				CLANG_WARN_INT_CONVERSION = YES;
				CLANG_WARN_NON_LITERAL_NULL_CONVERSION = YES;
				CLANG_WARN_OBJC_IMPLICIT_RETAIN_SELF = YES;
				CLANG_WARN_OBJC_LITERAL_CONVERSION = YES;
				CLANG_WARN_OBJC_ROOT_CLASS = YES_ERROR;
				CLANG_WARN_RANGE_LOOP_ANALYSIS = YES;
				CLANG_WARN_STRICT_PROTOTYPES = YES;
				CLANG_WARN_SUSPICIOUS_MOVE = YES;
				CLANG_WARN_UNGUARDED_AVAILABILITY = YES_AGGRESSIVE;
				CLANG_WARN_UNREACHABLE_CODE = YES;
				CLANG_WARN__DUPLICATE_METHOD_MATCH = YES;
				CODE_SIGN_IDENTITY = "iPhone Developer";
				COPY_PHASE_STRIP = NO;
				DEBUG_INFORMATION_FORMAT = dwarf;
				ENABLE_STRICT_OBJC_MSGSEND = YES;
				ENABLE_TESTABILITY = YES;
				GCC_C_LANGUAGE_STANDARD = gnu11;
				GCC_DYNAMIC_NO_PIC = NO;
				GCC_NO_COMMON_BLOCKS = YES;
				GCC_OPTIMIZATION_LEVEL = 0;
				GCC_PREPROCESSOR_DEFINITIONS = (
					"DEBUG=1",
					"$(inherited)",
				);
				GCC_WARN_64_TO_32_BIT_CONVERSION = YES;
				GCC_WARN_ABOUT_RETURN_TYPE = YES_ERROR;
				GCC_WARN_UNDECLARED_SELECTOR = YES;
				GCC_WARN_UNINITIALIZED_AUTOS = YES_AGGRESSIVE;
				GCC_WARN_UNUSED_FUNCTION = YES;
				GCC_WARN_UNUSED_VARIABLE = YES;
				IPHONEOS_DEPLOYMENT_TARGET = 11.4;
				MTL_ENABLE_DEBUG_INFO = YES;
				ONLY_ACTIVE_ARCH = YES;
				SDKROOT = iphoneos;
			};
			name = Debug;
		};
		3E7C65B620F0EE7A00BEEA04 /* Release */ = {
			isa = XCBuildConfiguration;
			buildSettings = {
				ALWAYS_SEARCH_USER_PATHS = NO;
				CLANG_ANALYZER_NONNULL = YES;
				CLANG_ANALYZER_NUMBER_OBJECT_CONVERSION = YES_AGGRESSIVE;
				CLANG_CXX_LANGUAGE_STANDARD = "gnu++14";
				CLANG_CXX_LIBRARY = "libc++";
				CLANG_ENABLE_MODULES = YES;
				CLANG_ENABLE_OBJC_ARC = YES;
				CLANG_ENABLE_OBJC_WEAK = YES;
				CLANG_WARN_BLOCK_CAPTURE_AUTORELEASING = YES;
				CLANG_WARN_BOOL_CONVERSION = YES;
				CLANG_WARN_COMMA = YES;
				CLANG_WARN_CONSTANT_CONVERSION = YES;
				CLANG_WARN_DEPRECATED_OBJC_IMPLEMENTATIONS = YES;
				CLANG_WARN_DIRECT_OBJC_ISA_USAGE = YES_ERROR;
				CLANG_WARN_DOCUMENTATION_COMMENTS = YES;
				CLANG_WARN_EMPTY_BODY = YES;
				CLANG_WARN_ENUM_CONVERSION = YES;
				CLANG_WARN_INFINITE_RECURSION = YES;
				CLANG_WARN_INT_CONVERSION = YES;
				CLANG_WARN_NON_LITERAL_NULL_CONVERSION = YES;
				CLANG_WARN_OBJC_IMPLICIT_RETAIN_SELF = YES;
				CLANG_WARN_OBJC_LITERAL_CONVERSION = YES;
				CLANG_WARN_OBJC_ROOT_CLASS = YES_ERROR;
				CLANG_WARN_RANGE_LOOP_ANALYSIS = YES;
				CLANG_WARN_STRICT_PROTOTYPES = YES;
				CLANG_WARN_SUSPICIOUS_MOVE = YES;
				CLANG_WARN_UNGUARDED_AVAILABILITY = YES_AGGRESSIVE;
				CLANG_WARN_UNREACHABLE_CODE = YES;
				CLANG_WARN__DUPLICATE_METHOD_MATCH = YES;
				CODE_SIGN_IDENTITY = "iPhone Developer";
				COPY_PHASE_STRIP = NO;
				DEBUG_INFORMATION_FORMAT = "dwarf-with-dsym";
				ENABLE_NS_ASSERTIONS = NO;
				ENABLE_STRICT_OBJC_MSGSEND = YES;
				GCC_C_LANGUAGE_STANDARD = gnu11;
				GCC_NO_COMMON_BLOCKS = YES;
				GCC_WARN_64_TO_32_BIT_CONVERSION = YES;
				GCC_WARN_ABOUT_RETURN_TYPE = YES_ERROR;
				GCC_WARN_UNDECLARED_SELECTOR = YES;
				GCC_WARN_UNINITIALIZED_AUTOS = YES_AGGRESSIVE;
				GCC_WARN_UNUSED_FUNCTION = YES;
				GCC_WARN_UNUSED_VARIABLE = YES;
				IPHONEOS_DEPLOYMENT_TARGET = 11.4;
				MTL_ENABLE_DEBUG_INFO = NO;
				SDKROOT = iphoneos;
				VALIDATE_PRODUCT = YES;
			};
			name = Release;
		};
		3E7C65B820F0EE7A00BEEA04 /* Debug */ = {
			isa = XCBuildConfiguration;
			baseConfigurationReference = 245AC7DF840FB2D9C69FB684 /* Pods-LYSDatePickerTest.debug.xcconfig */;
			buildSettings = {
				ASSETCATALOG_COMPILER_APPICON_NAME = AppIcon;
				CODE_SIGN_STYLE = Manual;
				DEVELOPMENT_TEAM = "";
				INFOPLIST_FILE = LYSDatePickerTest/Info.plist;
				IPHONEOS_DEPLOYMENT_TARGET = 8.0;
				LD_RUNPATH_SEARCH_PATHS = "$(inherited) @executable_path/Frameworks";
				PRODUCT_BUNDLE_IDENTIFIER = lys.LYSDatePickerTest;
				PRODUCT_NAME = "$(TARGET_NAME)";
				PROVISIONING_PROFILE_SPECIFIER = "";
				TARGETED_DEVICE_FAMILY = "1,2";
			};
			name = Debug;
		};
		3E7C65B920F0EE7A00BEEA04 /* Release */ = {
			isa = XCBuildConfiguration;
			baseConfigurationReference = D409694184863BDAA29D0231 /* Pods-LYSDatePickerTest.release.xcconfig */;
			buildSettings = {
				ASSETCATALOG_COMPILER_APPICON_NAME = AppIcon;
				CODE_SIGN_STYLE = Manual;
				DEVELOPMENT_TEAM = "";
				INFOPLIST_FILE = LYSDatePickerTest/Info.plist;
				IPHONEOS_DEPLOYMENT_TARGET = 8.0;
				LD_RUNPATH_SEARCH_PATHS = "$(inherited) @executable_path/Frameworks";
				PRODUCT_BUNDLE_IDENTIFIER = lys.LYSDatePickerTest;
				PRODUCT_NAME = "$(TARGET_NAME)";
				PROVISIONING_PROFILE_SPECIFIER = "";
				TARGETED_DEVICE_FAMILY = "1,2";
			};
			name = Release;
		};
		3E7C65BB20F0EE7A00BEEA04 /* Debug */ = {
			isa = XCBuildConfiguration;
			baseConfigurationReference = 5CE0E80AC8649374A3A0F88E /* Pods-LYSDatePickerTestTests.debug.xcconfig */;
			buildSettings = {
				BUNDLE_LOADER = "$(TEST_HOST)";
				CODE_SIGN_STYLE = Automatic;
				INFOPLIST_FILE = LYSDatePickerTestTests/Info.plist;
				LD_RUNPATH_SEARCH_PATHS = "$(inherited) @executable_path/Frameworks @loader_path/Frameworks";
				PRODUCT_BUNDLE_IDENTIFIER = lys.LYSDatePickerTestTests;
				PRODUCT_NAME = "$(TARGET_NAME)";
				TARGETED_DEVICE_FAMILY = "1,2";
				TEST_HOST = "$(BUILT_PRODUCTS_DIR)/LYSDatePickerTest.app/LYSDatePickerTest";
			};
			name = Debug;
		};
		3E7C65BC20F0EE7A00BEEA04 /* Release */ = {
			isa = XCBuildConfiguration;
			baseConfigurationReference = 08AFE937875DE187DBCE4F00 /* Pods-LYSDatePickerTestTests.release.xcconfig */;
			buildSettings = {
				BUNDLE_LOADER = "$(TEST_HOST)";
				CODE_SIGN_STYLE = Automatic;
				INFOPLIST_FILE = LYSDatePickerTestTests/Info.plist;
				LD_RUNPATH_SEARCH_PATHS = "$(inherited) @executable_path/Frameworks @loader_path/Frameworks";
				PRODUCT_BUNDLE_IDENTIFIER = lys.LYSDatePickerTestTests;
				PRODUCT_NAME = "$(TARGET_NAME)";
				TARGETED_DEVICE_FAMILY = "1,2";
				TEST_HOST = "$(BUILT_PRODUCTS_DIR)/LYSDatePickerTest.app/LYSDatePickerTest";
			};
			name = Release;
		};
		3E7C65BE20F0EE7A00BEEA04 /* Debug */ = {
			isa = XCBuildConfiguration;
			baseConfigurationReference = 736A738D72F470C0FBBB7EDA /* Pods-LYSDatePickerTestUITests.debug.xcconfig */;
			buildSettings = {
				CODE_SIGN_STYLE = Automatic;
				INFOPLIST_FILE = LYSDatePickerTestUITests/Info.plist;
				LD_RUNPATH_SEARCH_PATHS = "$(inherited) @executable_path/Frameworks @loader_path/Frameworks";
				PRODUCT_BUNDLE_IDENTIFIER = lys.LYSDatePickerTestUITests;
				PRODUCT_NAME = "$(TARGET_NAME)";
				TARGETED_DEVICE_FAMILY = "1,2";
				TEST_TARGET_NAME = LYSDatePickerTest;
			};
			name = Debug;
		};
		3E7C65BF20F0EE7A00BEEA04 /* Release */ = {
			isa = XCBuildConfiguration;
			baseConfigurationReference = DDEDF4D4231F2A90E940D795 /* Pods-LYSDatePickerTestUITests.release.xcconfig */;
			buildSettings = {
				CODE_SIGN_STYLE = Automatic;
				INFOPLIST_FILE = LYSDatePickerTestUITests/Info.plist;
				LD_RUNPATH_SEARCH_PATHS = "$(inherited) @executable_path/Frameworks @loader_path/Frameworks";
				PRODUCT_BUNDLE_IDENTIFIER = lys.LYSDatePickerTestUITests;
				PRODUCT_NAME = "$(TARGET_NAME)";
				TARGETED_DEVICE_FAMILY = "1,2";
				TEST_TARGET_NAME = LYSDatePickerTest;
			};
			name = Release;
		};
/* End XCBuildConfiguration section */

/* Begin XCConfigurationList section */
		3E7C658620F0EE7800BEEA04 /* Build configuration list for PBXProject "LYSDatePickerTest" */ = {
			isa = XCConfigurationList;
			buildConfigurations = (
				3E7C65B520F0EE7A00BEEA04 /* Debug */,
				3E7C65B620F0EE7A00BEEA04 /* Release */,
			);
			defaultConfigurationIsVisible = 0;
			defaultConfigurationName = Release;
		};
		3E7C65B720F0EE7A00BEEA04 /* Build configuration list for PBXNativeTarget "LYSDatePickerTest" */ = {
			isa = XCConfigurationList;
			buildConfigurations = (
				3E7C65B820F0EE7A00BEEA04 /* Debug */,
				3E7C65B920F0EE7A00BEEA04 /* Release */,
			);
			defaultConfigurationIsVisible = 0;
			defaultConfigurationName = Release;
		};
		3E7C65BA20F0EE7A00BEEA04 /* Build configuration list for PBXNativeTarget "LYSDatePickerTestTests" */ = {
			isa = XCConfigurationList;
			buildConfigurations = (
				3E7C65BB20F0EE7A00BEEA04 /* Debug */,
				3E7C65BC20F0EE7A00BEEA04 /* Release */,
			);
			defaultConfigurationIsVisible = 0;
			defaultConfigurationName = Release;
		};
		3E7C65BD20F0EE7A00BEEA04 /* Build configuration list for PBXNativeTarget "LYSDatePickerTestUITests" */ = {
			isa = XCConfigurationList;
			buildConfigurations = (
				3E7C65BE20F0EE7A00BEEA04 /* Debug */,
				3E7C65BF20F0EE7A00BEEA04 /* Release */,
			);
			defaultConfigurationIsVisible = 0;
			defaultConfigurationName = Release;
		};
/* End XCConfigurationList section */
	};
	rootObject = 3E7C658320F0EE7800BEEA04 /* Project object */;
}
