// !$*UTF8*$!
{
	archiveVersion = 1;
	classes = {
	};
	objectVersion = 50;
	objects = {

/* Begin PBXBuildFile section */
		CC0C143F209C683B00F7C486 /* LYSDatePickerHeaderView.m in Sources */ = {isa = PBXBuildFile; fileRef = CC0C143E209C683B00F7C486 /* LYSDatePickerHeaderView.m */; };
		CC44C13A209D51680029D3FE /* LYSDateContentView.m in Sources */ = {isa = PBXBuildFile; fileRef = CC44C139209D51680029D3FE /* LYSDateContentView.m */; };
		CC44C13D209D51980029D3FE /* LYSDatePopViewController.m in Sources */ = {isa = PBXBuildFile; fileRef = CC44C13C209D51980029D3FE /* LYSDatePopViewController.m */; };
		CC44C143209D62520029D3FE /* LYSDateLogicViewController.m in Sources */ = {isa = PBXBuildFile; fileRef = CC44C142209D62520029D3FE /* LYSDateLogicViewController.m */; };
		CC44C146209D62DD0029D3FE /* LYSDateHeaderViewController.m in Sources */ = {isa = PBXBuildFile; fileRef = CC44C145209D62DD0029D3FE /* LYSDateHeaderViewController.m */; };
		CC44C149209D631A0029D3FE /* LYSDateIndicatorViewController.m in Sources */ = {isa = PBXBuildFile; fileRef = CC44C148209D631A0029D3FE /* LYSDateIndicatorViewController.m */; };
		CC44C14C209D63370029D3FE /* LYSDatePickerViewController.m in Sources */ = {isa = PBXBuildFile; fileRef = CC44C14B209D63370029D3FE /* LYSDatePickerViewController.m */; };
		CC44C14F209D64360029D3FE /* LYSDateBaseViewController.m in Sources */ = {isa = PBXBuildFile; fileRef = CC44C14E209D64360029D3FE /* LYSDateBaseViewController.m */; };
		CC9A3B2620994C5000E04FDC /* AppDelegate.m in Sources */ = {isa = PBXBuildFile; fileRef = CC9A3B2520994C5000E04FDC /* AppDelegate.m */; };
		CC9A3B2920994C5000E04FDC /* ViewController.m in Sources */ = {isa = PBXBuildFile; fileRef = CC9A3B2820994C5000E04FDC /* ViewController.m */; };
		CC9A3B2C20994C5000E04FDC /* Main.storyboard in Resources */ = {isa = PBXBuildFile; fileRef = CC9A3B2A20994C5000E04FDC /* Main.storyboard */; };
		CC9A3B2E20994C5200E04FDC /* Assets.xcassets in Resources */ = {isa = PBXBuildFile; fileRef = CC9A3B2D20994C5200E04FDC /* Assets.xcassets */; };
		CC9A3B3120994C5200E04FDC /* LaunchScreen.storyboard in Resources */ = {isa = PBXBuildFile; fileRef = CC9A3B2F20994C5200E04FDC /* LaunchScreen.storyboard */; };
		CC9A3B3420994C5200E04FDC /* main.m in Sources */ = {isa = PBXBuildFile; fileRef = CC9A3B3320994C5200E04FDC /* main.m */; };
		CC9A3B3D209952DC00E04FDC /* LYSDatePickerController.m in Sources */ = {isa = PBXBuildFile; fileRef = CC9A3B3C209952DC00E04FDC /* LYSDatePickerController.m */; };
		CCB07A2520A00F590026463E /* LYSDateBasicViewController.m in Sources */ = {isa = PBXBuildFile; fileRef = CCB07A2420A00F590026463E /* LYSDateBasicViewController.m */; };
		CCB07A4B20A01BD30026463E /* LYSDatePickerLabel.m in Sources */ = {isa = PBXBuildFile; fileRef = CCB07A4A20A01BD30026463E /* LYSDatePickerLabel.m */; };
		CCBE700B209AD88400A4EE21 /* LYSDatePickerManager.m in Sources */ = {isa = PBXBuildFile; fileRef = CCBE700A209AD88300A4EE21 /* LYSDatePickerManager.m */; };
		CCDD69D8209C07120088BF90 /* LYSDatePickerItem.m in Sources */ = {isa = PBXBuildFile; fileRef = CCDD69D7209C07120088BF90 /* LYSDatePickerItem.m */; };
		CCDD69DE209C08840088BF90 /* LYSDatePickerTypeBase.m in Sources */ = {isa = PBXBuildFile; fileRef = CCDD69DD209C08840088BF90 /* LYSDatePickerTypeBase.m */; };
		CCDD69E1209C08A60088BF90 /* LYSDatePickerTypeDayAndTimeDelegate.m in Sources */ = {isa = PBXBuildFile; fileRef = CCDD69E0209C08A60088BF90 /* LYSDatePickerTypeDayAndTimeDelegate.m */; };
		CCDD69E4209C08C10088BF90 /* LYSDatePickerTypeDayDelegate.m in Sources */ = {isa = PBXBuildFile; fileRef = CCDD69E3209C08C10088BF90 /* LYSDatePickerTypeDayDelegate.m */; };
		CCDD69E7209C08D40088BF90 /* LYSDatePickerTypeTimeDelegate.m in Sources */ = {isa = PBXBuildFile; fileRef = CCDD69E6209C08D40088BF90 /* LYSDatePickerTypeTimeDelegate.m */; };
/* End PBXBuildFile section */

/* Begin PBXFileReference section */
		3ECCC3AC209E0672001F23B8 /* LYSDatePickerSelectDelegate.h */ = {isa = PBXFileReference; lastKnownFileType = sourcecode.c.h; path = LYSDatePickerSelectDelegate.h; sourceTree = "<group>"; };
		CC0C143D209C683B00F7C486 /* LYSDatePickerHeaderView.h */ = {isa = PBXFileReference; lastKnownFileType = sourcecode.c.h; path = LYSDatePickerHeaderView.h; sourceTree = "<group>"; };
		CC0C143E209C683B00F7C486 /* LYSDatePickerHeaderView.m */ = {isa = PBXFileReference; lastKnownFileType = sourcecode.c.objc; path = LYSDatePickerHeaderView.m; sourceTree = "<group>"; };
		CC44C138209D51680029D3FE /* LYSDateContentView.h */ = {isa = PBXFileReference; lastKnownFileType = sourcecode.c.h; path = LYSDateContentView.h; sourceTree = "<group>"; };
		CC44C139209D51680029D3FE /* LYSDateContentView.m */ = {isa = PBXFileReference; lastKnownFileType = sourcecode.c.objc; path = LYSDateContentView.m; sourceTree = "<group>"; };
		CC44C13B209D51980029D3FE /* LYSDatePopViewController.h */ = {isa = PBXFileReference; lastKnownFileType = sourcecode.c.h; path = LYSDatePopViewController.h; sourceTree = "<group>"; };
		CC44C13C209D51980029D3FE /* LYSDatePopViewController.m */ = {isa = PBXFileReference; lastKnownFileType = sourcecode.c.objc; path = LYSDatePopViewController.m; sourceTree = "<group>"; };
		CC44C141209D62520029D3FE /* LYSDateLogicViewController.h */ = {isa = PBXFileReference; lastKnownFileType = sourcecode.c.h; path = LYSDateLogicViewController.h; sourceTree = "<group>"; };
		CC44C142209D62520029D3FE /* LYSDateLogicViewController.m */ = {isa = PBXFileReference; lastKnownFileType = sourcecode.c.objc; path = LYSDateLogicViewController.m; sourceTree = "<group>"; };
		CC44C144209D62DD0029D3FE /* LYSDateHeaderViewController.h */ = {isa = PBXFileReference; lastKnownFileType = sourcecode.c.h; path = LYSDateHeaderViewController.h; sourceTree = "<group>"; };
		CC44C145209D62DD0029D3FE /* LYSDateHeaderViewController.m */ = {isa = PBXFileReference; lastKnownFileType = sourcecode.c.objc; path = LYSDateHeaderViewController.m; sourceTree = "<group>"; };
		CC44C147209D631A0029D3FE /* LYSDateIndicatorViewController.h */ = {isa = PBXFileReference; lastKnownFileType = sourcecode.c.h; path = LYSDateIndicatorViewController.h; sourceTree = "<group>"; };
		CC44C148209D631A0029D3FE /* LYSDateIndicatorViewController.m */ = {isa = PBXFileReference; lastKnownFileType = sourcecode.c.objc; path = LYSDateIndicatorViewController.m; sourceTree = "<group>"; };
		CC44C14A209D63370029D3FE /* LYSDatePickerViewController.h */ = {isa = PBXFileReference; lastKnownFileType = sourcecode.c.h; path = LYSDatePickerViewController.h; sourceTree = "<group>"; };
		CC44C14B209D63370029D3FE /* LYSDatePickerViewController.m */ = {isa = PBXFileReference; lastKnownFileType = sourcecode.c.objc; path = LYSDatePickerViewController.m; sourceTree = "<group>"; };
		CC44C14D209D64360029D3FE /* LYSDateBaseViewController.h */ = {isa = PBXFileReference; lastKnownFileType = sourcecode.c.h; path = LYSDateBaseViewController.h; sourceTree = "<group>"; };
		CC44C14E209D64360029D3FE /* LYSDateBaseViewController.m */ = {isa = PBXFileReference; lastKnownFileType = sourcecode.c.objc; path = LYSDateBaseViewController.m; sourceTree = "<group>"; };
		CC9A3B2120994C5000E04FDC /* LYSDatePickerController.app */ = {isa = PBXFileReference; explicitFileType = wrapper.application; includeInIndex = 0; path = LYSDatePickerController.app; sourceTree = BUILT_PRODUCTS_DIR; };
		CC9A3B2420994C5000E04FDC /* AppDelegate.h */ = {isa = PBXFileReference; lastKnownFileType = sourcecode.c.h; path = AppDelegate.h; sourceTree = "<group>"; };
		CC9A3B2520994C5000E04FDC /* AppDelegate.m */ = {isa = PBXFileReference; lastKnownFileType = sourcecode.c.objc; path = AppDelegate.m; sourceTree = "<group>"; };
		CC9A3B2720994C5000E04FDC /* ViewController.h */ = {isa = PBXFileReference; lastKnownFileType = sourcecode.c.h; path = ViewController.h; sourceTree = "<group>"; };
		CC9A3B2820994C5000E04FDC /* ViewController.m */ = {isa = PBXFileReference; lastKnownFileType = sourcecode.c.objc; path = ViewController.m; sourceTree = "<group>"; };
		CC9A3B2B20994C5000E04FDC /* Base */ = {isa = PBXFileReference; lastKnownFileType = file.storyboard; name = Base; path = Base.lproj/Main.storyboard; sourceTree = "<group>"; };
		CC9A3B2D20994C5200E04FDC /* Assets.xcassets */ = {isa = PBXFileReference; lastKnownFileType = folder.assetcatalog; path = Assets.xcassets; sourceTree = "<group>"; };
		CC9A3B3020994C5200E04FDC /* Base */ = {isa = PBXFileReference; lastKnownFileType = file.storyboard; name = Base; path = Base.lproj/LaunchScreen.storyboard; sourceTree = "<group>"; };
		CC9A3B3220994C5200E04FDC /* Info.plist */ = {isa = PBXFileReference; lastKnownFileType = text.plist.xml; path = Info.plist; sourceTree = "<group>"; };
		CC9A3B3320994C5200E04FDC /* main.m */ = {isa = PBXFileReference; lastKnownFileType = sourcecode.c.objc; path = main.m; sourceTree = "<group>"; };
		CC9A3B3B209952DC00E04FDC /* LYSDatePickerController.h */ = {isa = PBXFileReference; lastKnownFileType = sourcecode.c.h; path = LYSDatePickerController.h; sourceTree = "<group>"; };
		CC9A3B3C209952DC00E04FDC /* LYSDatePickerController.m */ = {isa = PBXFileReference; lastKnownFileType = sourcecode.c.objc; path = LYSDatePickerController.m; sourceTree = "<group>"; };
		CCB07A2320A00F590026463E /* LYSDateBasicViewController.h */ = {isa = PBXFileReference; lastKnownFileType = sourcecode.c.h; path = LYSDateBasicViewController.h; sourceTree = "<group>"; };
		CCB07A2420A00F590026463E /* LYSDateBasicViewController.m */ = {isa = PBXFileReference; lastKnownFileType = sourcecode.c.objc; path = LYSDateBasicViewController.m; sourceTree = "<group>"; };
		CCB07A4920A01BD30026463E /* LYSDatePickerLabel.h */ = {isa = PBXFileReference; lastKnownFileType = sourcecode.c.h; path = LYSDatePickerLabel.h; sourceTree = "<group>"; };
		CCB07A4A20A01BD30026463E /* LYSDatePickerLabel.m */ = {isa = PBXFileReference; lastKnownFileType = sourcecode.c.objc; path = LYSDatePickerLabel.m; sourceTree = "<group>"; };
		CCBE7009209AD88300A4EE21 /* LYSDatePickerManager.h */ = {isa = PBXFileReference; lastKnownFileType = sourcecode.c.h; path = LYSDatePickerManager.h; sourceTree = "<group>"; };
		CCBE700A209AD88300A4EE21 /* LYSDatePickerManager.m */ = {isa = PBXFileReference; lastKnownFileType = sourcecode.c.objc; path = LYSDatePickerManager.m; sourceTree = "<group>"; };
		CCDD69D6209C07120088BF90 /* LYSDatePickerItem.h */ = {isa = PBXFileReference; lastKnownFileType = sourcecode.c.h; path = LYSDatePickerItem.h; sourceTree = "<group>"; };
		CCDD69D7209C07120088BF90 /* LYSDatePickerItem.m */ = {isa = PBXFileReference; lastKnownFileType = sourcecode.c.objc; path = LYSDatePickerItem.m; sourceTree = "<group>"; };
		CCDD69DC209C08840088BF90 /* LYSDatePickerTypeBase.h */ = {isa = PBXFileReference; lastKnownFileType = sourcecode.c.h; path = LYSDatePickerTypeBase.h; sourceTree = "<group>"; };
		CCDD69DD209C08840088BF90 /* LYSDatePickerTypeBase.m */ = {isa = PBXFileReference; lastKnownFileType = sourcecode.c.objc; path = LYSDatePickerTypeBase.m; sourceTree = "<group>"; };
		CCDD69DF209C08A50088BF90 /* LYSDatePickerTypeDayAndTimeDelegate.h */ = {isa = PBXFileReference; lastKnownFileType = sourcecode.c.h; path = LYSDatePickerTypeDayAndTimeDelegate.h; sourceTree = "<group>"; };
		CCDD69E0209C08A60088BF90 /* LYSDatePickerTypeDayAndTimeDelegate.m */ = {isa = PBXFileReference; lastKnownFileType = sourcecode.c.objc; path = LYSDatePickerTypeDayAndTimeDelegate.m; sourceTree = "<group>"; };
		CCDD69E2209C08C10088BF90 /* LYSDatePickerTypeDayDelegate.h */ = {isa = PBXFileReference; lastKnownFileType = sourcecode.c.h; path = LYSDatePickerTypeDayDelegate.h; sourceTree = "<group>"; };
		CCDD69E3209C08C10088BF90 /* LYSDatePickerTypeDayDelegate.m */ = {isa = PBXFileReference; lastKnownFileType = sourcecode.c.objc; path = LYSDatePickerTypeDayDelegate.m; sourceTree = "<group>"; };
		CCDD69E5209C08D40088BF90 /* LYSDatePickerTypeTimeDelegate.h */ = {isa = PBXFileReference; lastKnownFileType = sourcecode.c.h; path = LYSDatePickerTypeTimeDelegate.h; sourceTree = "<group>"; };
		CCDD69E6209C08D40088BF90 /* LYSDatePickerTypeTimeDelegate.m */ = {isa = PBXFileReference; lastKnownFileType = sourcecode.c.objc; path = LYSDatePickerTypeTimeDelegate.m; sourceTree = "<group>"; };
/* End PBXFileReference section */

/* Begin PBXFrameworksBuildPhase section */
		CC9A3B1E20994C5000E04FDC /* Frameworks */ = {
			isa = PBXFrameworksBuildPhase;
			buildActionMask = 2147483647;
			files = (
			);
			runOnlyForDeploymentPostprocessing = 0;
		};
/* End PBXFrameworksBuildPhase section */

/* Begin PBXGroup section */
		CC9A3B1820994C5000E04FDC = {
			isa = PBXGroup;
			children = (
				CC9A3B2320994C5000E04FDC /* LYSDatePickerController */,
				CC9A3B2220994C5000E04FDC /* Products */,
			);
			sourceTree = "<group>";
		};
		CC9A3B2220994C5000E04FDC /* Products */ = {
			isa = PBXGroup;
			children = (
				CC9A3B2120994C5000E04FDC /* LYSDatePickerController.app */,
			);
			name = Products;
			sourceTree = "<group>";
		};
		CC9A3B2320994C5000E04FDC /* LYSDatePickerController */ = {
			isa = PBXGroup;
			children = (
				CC9A3B2420994C5000E04FDC /* AppDelegate.h */,
				CC9A3B2520994C5000E04FDC /* AppDelegate.m */,
				CC9A3B3A209952AC00E04FDC /* LYSDatePickerController */,
				CC9A3B2720994C5000E04FDC /* ViewController.h */,
				CC9A3B2820994C5000E04FDC /* ViewController.m */,
				CC9A3B2A20994C5000E04FDC /* Main.storyboard */,
				CC9A3B2D20994C5200E04FDC /* Assets.xcassets */,
				CC9A3B2F20994C5200E04FDC /* LaunchScreen.storyboard */,
				CC9A3B3220994C5200E04FDC /* Info.plist */,
				CC9A3B3320994C5200E04FDC /* main.m */,
			);
			path = LYSDatePickerController;
			sourceTree = "<group>";
		};
		CC9A3B3A209952AC00E04FDC /* LYSDatePickerController */ = {
			isa = PBXGroup;
			children = (
				CC9A3B3B209952DC00E04FDC /* LYSDatePickerController.h */,
				CC9A3B3C209952DC00E04FDC /* LYSDatePickerController.m */,
				CCB07A4920A01BD30026463E /* LYSDatePickerLabel.h */,
				CCB07A4A20A01BD30026463E /* LYSDatePickerLabel.m */,
				CCDD69DC209C08840088BF90 /* LYSDatePickerTypeBase.h */,
				CCDD69DD209C08840088BF90 /* LYSDatePickerTypeBase.m */,
				CCDD69DF209C08A50088BF90 /* LYSDatePickerTypeDayAndTimeDelegate.h */,
				CCDD69E0209C08A60088BF90 /* LYSDatePickerTypeDayAndTimeDelegate.m */,
				CCDD69E2209C08C10088BF90 /* LYSDatePickerTypeDayDelegate.h */,
				CCDD69E3209C08C10088BF90 /* LYSDatePickerTypeDayDelegate.m */,
				CCDD69E5209C08D40088BF90 /* LYSDatePickerTypeTimeDelegate.h */,
				CCDD69E6209C08D40088BF90 /* LYSDatePickerTypeTimeDelegate.m */,
				CCDD69D6209C07120088BF90 /* LYSDatePickerItem.h */,
				CCDD69D7209C07120088BF90 /* LYSDatePickerItem.m */,
				CC0C143D209C683B00F7C486 /* LYSDatePickerHeaderView.h */,
				CC0C143E209C683B00F7C486 /* LYSDatePickerHeaderView.m */,
				CCBE7009209AD88300A4EE21 /* LYSDatePickerManager.h */,
				CCBE700A209AD88300A4EE21 /* LYSDatePickerManager.m */,
				CC44C141209D62520029D3FE /* LYSDateLogicViewController.h */,
				CC44C142209D62520029D3FE /* LYSDateLogicViewController.m */,
				CC44C14A209D63370029D3FE /* LYSDatePickerViewController.h */,
				CC44C14B209D63370029D3FE /* LYSDatePickerViewController.m */,
				CC44C147209D631A0029D3FE /* LYSDateIndicatorViewController.h */,
				CC44C148209D631A0029D3FE /* LYSDateIndicatorViewController.m */,
				CC44C144209D62DD0029D3FE /* LYSDateHeaderViewController.h */,
				CC44C145209D62DD0029D3FE /* LYSDateHeaderViewController.m */,
				CC44C13B209D51980029D3FE /* LYSDatePopViewController.h */,
				CC44C13C209D51980029D3FE /* LYSDatePopViewController.m */,
				CC44C14D209D64360029D3FE /* LYSDateBaseViewController.h */,
				CC44C14E209D64360029D3FE /* LYSDateBaseViewController.m */,
				CCB07A2320A00F590026463E /* LYSDateBasicViewController.h */,
				CCB07A2420A00F590026463E /* LYSDateBasicViewController.m */,
				3ECCC3AC209E0672001F23B8 /* LYSDatePickerSelectDelegate.h */,
				CC44C138209D51680029D3FE /* LYSDateContentView.h */,
				CC44C139209D51680029D3FE /* LYSDateContentView.m */,
			);
			path = LYSDatePickerController;
			sourceTree = "<group>";
		};
/* End PBXGroup section */

/* Begin PBXNativeTarget section */
		CC9A3B2020994C5000E04FDC /* LYSDatePickerController */ = {
			isa = PBXNativeTarget;
			buildConfigurationList = CC9A3B3720994C5200E04FDC /* Build configuration list for PBXNativeTarget "LYSDatePickerController" */;
			buildPhases = (
				CC9A3B1D20994C5000E04FDC /* Sources */,
				CC9A3B1E20994C5000E04FDC /* Frameworks */,
				CC9A3B1F20994C5000E04FDC /* Resources */,
			);
			buildRules = (
			);
			dependencies = (
			);
			name = LYSDatePickerController;
			productName = LYSDatePickerController;
			productReference = CC9A3B2120994C5000E04FDC /* LYSDatePickerController.app */;
			productType = "com.apple.product-type.application";
		};
/* End PBXNativeTarget section */

/* Begin PBXProject section */
		CC9A3B1920994C5000E04FDC /* Project object */ = {
			isa = PBXProject;
			attributes = {
				LastUpgradeCheck = 0930;
				ORGANIZATIONNAME = liyangshuai;
				TargetAttributes = {
					CC9A3B2020994C5000E04FDC = {
						CreatedOnToolsVersion = 9.3;
					};
				};
			};
			buildConfigurationList = CC9A3B1C20994C5000E04FDC /* Build configuration list for PBXProject "LYSDatePickerController" */;
			compatibilityVersion = "Xcode 9.3";
			developmentRegion = en;
			hasScannedForEncodings = 0;
			knownRegions = (
				en,
				Base,
			);
			mainGroup = CC9A3B1820994C5000E04FDC;
			productRefGroup = CC9A3B2220994C5000E04FDC /* Products */;
			projectDirPath = "";
			projectRoot = "";
			targets = (
				CC9A3B2020994C5000E04FDC /* LYSDatePickerController */,
			);
		};
/* End PBXProject section */

/* Begin PBXResourcesBuildPhase section */
		CC9A3B1F20994C5000E04FDC /* Resources */ = {
			isa = PBXResourcesBuildPhase;
			buildActionMask = 2147483647;
			files = (
				CC9A3B3120994C5200E04FDC /* LaunchScreen.storyboard in Resources */,
				CC9A3B2E20994C5200E04FDC /* Assets.xcassets in Resources */,
				CC9A3B2C20994C5000E04FDC /* Main.storyboard in Resources */,
			);
			runOnlyForDeploymentPostprocessing = 0;
		};
/* End PBXResourcesBuildPhase section */

/* Begin PBXSourcesBuildPhase section */
		CC9A3B1D20994C5000E04FDC /* Sources */ = {
			isa = PBXSourcesBuildPhase;
			buildActionMask = 2147483647;
			files = (
				CC9A3B3D209952DC00E04FDC /* LYSDatePickerController.m in Sources */,
				CC9A3B2920994C5000E04FDC /* ViewController.m in Sources */,
				CC9A3B3420994C5200E04FDC /* main.m in Sources */,
				CCDD69D8209C07120088BF90 /* LYSDatePickerItem.m in Sources */,
				CC44C143209D62520029D3FE /* LYSDateLogicViewController.m in Sources */,
				CCDD69E4209C08C10088BF90 /* LYSDatePickerTypeDayDelegate.m in Sources */,
				CC0C143F209C683B00F7C486 /* LYSDatePickerHeaderView.m in Sources */,
				CCDD69E7209C08D40088BF90 /* LYSDatePickerTypeTimeDelegate.m in Sources */,
				CC44C14C209D63370029D3FE /* LYSDatePickerViewController.m in Sources */,
				CCDD69DE209C08840088BF90 /* LYSDatePickerTypeBase.m in Sources */,
				CC44C14F209D64360029D3FE /* LYSDateBaseViewController.m in Sources */,
				CC44C146209D62DD0029D3FE /* LYSDateHeaderViewController.m in Sources */,
				CC44C149209D631A0029D3FE /* LYSDateIndicatorViewController.m in Sources */,
				CCBE700B209AD88400A4EE21 /* LYSDatePickerManager.m in Sources */,
				CC44C13D209D51980029D3FE /* LYSDatePopViewController.m in Sources */,
				CCB07A2520A00F590026463E /* LYSDateBasicViewController.m in Sources */,
				CC44C13A209D51680029D3FE /* LYSDateContentView.m in Sources */,
				CCDD69E1209C08A60088BF90 /* LYSDatePickerTypeDayAndTimeDelegate.m in Sources */,
				CC9A3B2620994C5000E04FDC /* AppDelegate.m in Sources */,
				CCB07A4B20A01BD30026463E /* LYSDatePickerLabel.m in Sources */,
			);
			runOnlyForDeploymentPostprocessing = 0;
		};
/* End PBXSourcesBuildPhase section */

/* Begin PBXVariantGroup section */
		CC9A3B2A20994C5000E04FDC /* Main.storyboard */ = {
			isa = PBXVariantGroup;
			children = (
				CC9A3B2B20994C5000E04FDC /* Base */,
			);
			name = Main.storyboard;
			sourceTree = "<group>";
		};
		CC9A3B2F20994C5200E04FDC /* LaunchScreen.storyboard */ = {
			isa = PBXVariantGroup;
			children = (
				CC9A3B3020994C5200E04FDC /* Base */,
			);
			name = LaunchScreen.storyboard;
			sourceTree = "<group>";
		};
/* End PBXVariantGroup section */

/* Begin XCBuildConfiguration section */
		CC9A3B3520994C5200E04FDC /* Debug */ = {
			isa = XCBuildConfiguration;
			buildSettings = {
				ALWAYS_SEARCH_USER_PATHS = NO;
				CLANG_ANALYZER_NONNULL = YES;
				CLANG_ANALYZER_NUMBER_OBJECT_CONVERSION = YES_AGGRESSIVE;
				CLANG_CXX_LANGUAGE_STANDARD = "gnu++14";
				CLANG_CXX_LIBRARY = "libc++";
				CLANG_ENABLE_MODULES = YES;
				CLANG_ENABLE_OBJC_ARC = YES;
				CLANG_ENABLE_OBJC_WEAK = YES;
				CLANG_WARN_BLOCK_CAPTURE_AUTORELEASING = YES;
				CLANG_WARN_BOOL_CONVERSION = YES;
				CLANG_WARN_COMMA = YES;
				CLANG_WARN_CONSTANT_CONVERSION = YES;
				CLANG_WARN_DEPRECATED_OBJC_IMPLEMENTATIONS = YES;
				CLANG_WARN_DIRECT_OBJC_ISA_USAGE = YES_ERROR;
				CLANG_WARN_DOCUMENTATION_COMMENTS = YES;
				CLANG_WARN_EMPTY_BODY = YES;
				CLANG_WARN_ENUM_CONVERSION = YES;
				CLANG_WARN_INFINITE_RECURSION = YES;
				CLANG_WARN_INT_CONVERSION = YES;
				CLANG_WARN_NON_LITERAL_NULL_CONVERSION = YES;
				CLANG_WARN_OBJC_IMPLICIT_RETAIN_SELF = YES;
				CLANG_WARN_OBJC_LITERAL_CONVERSION = YES;
				CLANG_WARN_OBJC_ROOT_CLASS = YES_ERROR;
				CLANG_WARN_RANGE_LOOP_ANALYSIS = YES;
				CLANG_WARN_STRICT_PROTOTYPES = YES;
				CLANG_WARN_SUSPICIOUS_MOVE = YES;
				CLANG_WARN_UNGUARDED_AVAILABILITY = YES_AGGRESSIVE;
				CLANG_WARN_UNREACHABLE_CODE = YES;
				CLANG_WARN__DUPLICATE_METHOD_MATCH = YES;
				CODE_SIGN_IDENTITY = "iPhone Developer";
				COPY_PHASE_STRIP = NO;
				DEBUG_INFORMATION_FORMAT = dwarf;
				ENABLE_STRICT_OBJC_MSGSEND = YES;
				ENABLE_TESTABILITY = YES;
				GCC_C_LANGUAGE_STANDARD = gnu11;
				GCC_DYNAMIC_NO_PIC = NO;
				GCC_NO_COMMON_BLOCKS = YES;
				GCC_OPTIMIZATION_LEVEL = 0;
				GCC_PREPROCESSOR_DEFINITIONS = (
					"DEBUG=1",
					"$(inherited)",
				);
				GCC_WARN_64_TO_32_BIT_CONVERSION = YES;
				GCC_WARN_ABOUT_RETURN_TYPE = YES_ERROR;
				GCC_WARN_UNDECLARED_SELECTOR = YES;
				GCC_WARN_UNINITIALIZED_AUTOS = YES_AGGRESSIVE;
				GCC_WARN_UNUSED_FUNCTION = YES;
				GCC_WARN_UNUSED_VARIABLE = YES;
				IPHONEOS_DEPLOYMENT_TARGET = 11.3;
				MTL_ENABLE_DEBUG_INFO = YES;
				ONLY_ACTIVE_ARCH = YES;
				SDKROOT = iphoneos;
			};
			name = Debug;
		};
		CC9A3B3620994C5200E04FDC /* Release */ = {
			isa = XCBuildConfiguration;
			buildSettings = {
				ALWAYS_SEARCH_USER_PATHS = NO;
				CLANG_ANALYZER_NONNULL = YES;
				CLANG_ANALYZER_NUMBER_OBJECT_CONVERSION = YES_AGGRESSIVE;
				CLANG_CXX_LANGUAGE_STANDARD = "gnu++14";
				CLANG_CXX_LIBRARY = "libc++";
				CLANG_ENABLE_MODULES = YES;
				CLANG_ENABLE_OBJC_ARC = YES;
				CLANG_ENABLE_OBJC_WEAK = YES;
				CLANG_WARN_BLOCK_CAPTURE_AUTORELEASING = YES;
				CLANG_WARN_BOOL_CONVERSION = YES;
				CLANG_WARN_COMMA = YES;
				CLANG_WARN_CONSTANT_CONVERSION = YES;
				CLANG_WARN_DEPRECATED_OBJC_IMPLEMENTATIONS = YES;
				CLANG_WARN_DIRECT_OBJC_ISA_USAGE = YES_ERROR;
				CLANG_WARN_DOCUMENTATION_COMMENTS = YES;
				CLANG_WARN_EMPTY_BODY = YES;
				CLANG_WARN_ENUM_CONVERSION = YES;
				CLANG_WARN_INFINITE_RECURSION = YES;
				CLANG_WARN_INT_CONVERSION = YES;
				CLANG_WARN_NON_LITERAL_NULL_CONVERSION = YES;
				CLANG_WARN_OBJC_IMPLICIT_RETAIN_SELF = YES;
				CLANG_WARN_OBJC_LITERAL_CONVERSION = YES;
				CLANG_WARN_OBJC_ROOT_CLASS = YES_ERROR;
				CLANG_WARN_RANGE_LOOP_ANALYSIS = YES;
				CLANG_WARN_STRICT_PROTOTYPES = YES;
				CLANG_WARN_SUSPICIOUS_MOVE = YES;
				CLANG_WARN_UNGUARDED_AVAILABILITY = YES_AGGRESSIVE;
				CLANG_WARN_UNREACHABLE_CODE = YES;
				CLANG_WARN__DUPLICATE_METHOD_MATCH = YES;
				CODE_SIGN_IDENTITY = "iPhone Developer";
				COPY_PHASE_STRIP = NO;
				DEBUG_INFORMATION_FORMAT = "dwarf-with-dsym";
				ENABLE_NS_ASSERTIONS = NO;
				ENABLE_STRICT_OBJC_MSGSEND = YES;
				GCC_C_LANGUAGE_STANDARD = gnu11;
				GCC_NO_COMMON_BLOCKS = YES;
				GCC_WARN_64_TO_32_BIT_CONVERSION = YES;
				GCC_WARN_ABOUT_RETURN_TYPE = YES_ERROR;
				GCC_WARN_UNDECLARED_SELECTOR = YES;
				GCC_WARN_UNINITIALIZED_AUTOS = YES_AGGRESSIVE;
				GCC_WARN_UNUSED_FUNCTION = YES;
				GCC_WARN_UNUSED_VARIABLE = YES;
				IPHONEOS_DEPLOYMENT_TARGET = 11.3;
				MTL_ENABLE_DEBUG_INFO = NO;
				SDKROOT = iphoneos;
				VALIDATE_PRODUCT = YES;
			};
			name = Release;
		};
		CC9A3B3820994C5200E04FDC /* Debug */ = {
			isa = XCBuildConfiguration;
			buildSettings = {
				ASSETCATALOG_COMPILER_APPICON_NAME = AppIcon;
				CODE_SIGN_STYLE = Manual;
				DEVELOPMENT_TEAM = 9P4CA2L57Y;
				INFOPLIST_FILE = LYSDatePickerController/Info.plist;
				IPHONEOS_DEPLOYMENT_TARGET = 8.0;
				LD_RUNPATH_SEARCH_PATHS = (
					"$(inherited)",
					"@executable_path/Frameworks",
				);
				PRODUCT_BUNDLE_IDENTIFIER = com.dx.zhenjiceshi;
				PRODUCT_NAME = "$(TARGET_NAME)";
				PROVISIONING_PROFILE = "424916b8-a04e-464b-a421-39c79f8f6041";
				PROVISIONING_PROFILE_SPECIFIER = zhenjiceshi;
				TARGETED_DEVICE_FAMILY = "1,2";
			};
			name = Debug;
		};
		CC9A3B3920994C5200E04FDC /* Release */ = {
			isa = XCBuildConfiguration;
			buildSettings = {
				ASSETCATALOG_COMPILER_APPICON_NAME = AppIcon;
				CODE_SIGN_STYLE = Manual;
				DEVELOPMENT_TEAM = 9P4CA2L57Y;
				INFOPLIST_FILE = LYSDatePickerController/Info.plist;
				IPHONEOS_DEPLOYMENT_TARGET = 8.0;
				LD_RUNPATH_SEARCH_PATHS = (
					"$(inherited)",
					"@executable_path/Frameworks",
				);
				PRODUCT_BUNDLE_IDENTIFIER = com.dx.zhenjiceshi;
				PRODUCT_NAME = "$(TARGET_NAME)";
				PROVISIONING_PROFILE = "424916b8-a04e-464b-a421-39c79f8f6041";
				PROVISIONING_PROFILE_SPECIFIER = zhenjiceshi;
				TARGETED_DEVICE_FAMILY = "1,2";
			};
			name = Release;
		};
/* End XCBuildConfiguration section */

/* Begin XCConfigurationList section */
		CC9A3B1C20994C5000E04FDC /* Build configuration list for PBXProject "LYSDatePickerController" */ = {
			isa = XCConfigurationList;
			buildConfigurations = (
				CC9A3B3520994C5200E04FDC /* Debug */,
				CC9A3B3620994C5200E04FDC /* Release */,
			);
			defaultConfigurationIsVisible = 0;
			defaultConfigurationName = Release;
		};
		CC9A3B3720994C5200E04FDC /* Build configuration list for PBXNativeTarget "LYSDatePickerController" */ = {
			isa = XCConfigurationList;
			buildConfigurations = (
				CC9A3B3820994C5200E04FDC /* Debug */,
				CC9A3B3920994C5200E04FDC /* Release */,
			);
			defaultConfigurationIsVisible = 0;
			defaultConfigurationName = Release;
		};
/* End XCConfigurationList section */
	};
	rootObject = CC9A3B1920994C5000E04FDC /* Project object */;
}
